// !$*UTF8*$!
{
	archiveVersion = 1;
	classes = {
	};
	objectVersion = 46;
	objects = {

/* Begin PBXBuildFile section */
		0D35F1C42E56413812C0525A /* libPods.a in Frameworks */ = {isa = PBXBuildFile; fileRef = C30B30D30C065D2586613F79 /* libPods.a */; };
		1F39AFA31C4A901D003FC185 /* main.m in Sources */ = {isa = PBXBuildFile; fileRef = 1F39AFA21C4A901D003FC185 /* main.m */; };
		1F39AFA61C4A901D003FC185 /* AppDelegate.m in Sources */ = {isa = PBXBuildFile; fileRef = 1F39AFA51C4A901D003FC185 /* AppDelegate.m */; };
		1F39AFA91C4A901D003FC185 /* ViewController.m in Sources */ = {isa = PBXBuildFile; fileRef = 1F39AFA81C4A901D003FC185 /* ViewController.m */; };
		1F39AFAC1C4A901D003FC185 /* Main.storyboard in Resources */ = {isa = PBXBuildFile; fileRef = 1F39AFAA1C4A901D003FC185 /* Main.storyboard */; };
		1F39AFAE1C4A901D003FC185 /* Assets.xcassets in Resources */ = {isa = PBXBuildFile; fileRef = 1F39AFAD1C4A901D003FC185 /* Assets.xcassets */; };
		1F39AFB11C4A901D003FC185 /* LaunchScreen.storyboard in Resources */ = {isa = PBXBuildFile; fileRef = 1F39AFAF1C4A901D003FC185 /* LaunchScreen.storyboard */; };
		1F39AFBC1C4A901D003FC185 /* CodingNetTests.m in Sources */ = {isa = PBXBuildFile; fileRef = 1F39AFBB1C4A901D003FC185 /* CodingNetTests.m */; };
		1F39AFC71C4A901D003FC185 /* CodingNetUITests.m in Sources */ = {isa = PBXBuildFile; fileRef = 1F39AFC61C4A901D003FC185 /* CodingNetUITests.m */; };
		1F39AFD81C4A9130003FC185 /* NSDate+Helper.m in Sources */ = {isa = PBXBuildFile; fileRef = 1F39AFD71C4A9130003FC185 /* NSDate+Helper.m */; };
		1F39AFDC1C4A9174003FC185 /* NSDate+Convenience.m in Sources */ = {isa = PBXBuildFile; fileRef = 1F39AFDB1C4A9174003FC185 /* NSDate+Convenience.m */; };
		1F39AFDF1C4A91B1003FC185 /* NSDate+Common.m in Sources */ = {isa = PBXBuildFile; fileRef = 1F39AFDE1C4A91B1003FC185 /* NSDate+Common.m */; };
		1F39AFE71C4B8F46003FC185 /* NSString+Emojize.m in Sources */ = {isa = PBXBuildFile; fileRef = 1F39AFE61C4B8F46003FC185 /* NSString+Emojize.m */; };
		1F39AFF01C4B94CF003FC185 /* UIButton+Bootstrap.m in Sources */ = {isa = PBXBuildFile; fileRef = 1F39AFEF1C4B94CF003FC185 /* UIButton+Bootstrap.m */; };
		1F39AFF31C4B97F7003FC185 /* UIColor+Expanded.m in Sources */ = {isa = PBXBuildFile; fileRef = 1F39AFF21C4B97F7003FC185 /* UIColor+Expanded.m */; };
		1F39AFF61C4BB79C003FC185 /* UIButton+Common.m in Sources */ = {isa = PBXBuildFile; fileRef = 1F39AFF51C4BB79C003FC185 /* UIButton+Common.m */; };
		1F39AFF91C4BB914003FC185 /* NSString+Common.m in Sources */ = {isa = PBXBuildFile; fileRef = 1F39AFF81C4BB914003FC185 /* NSString+Common.m */; };
		1F39AFFD1C4BC31F003FC185 /* UIDevice+Info.m in Sources */ = {isa = PBXBuildFile; fileRef = 1F39AFFC1C4BC31F003FC185 /* UIDevice+Info.m */; };
		1F39B0001C4BC4D0003FC185 /* UIImage+Common.m in Sources */ = {isa = PBXBuildFile; fileRef = 1F39AFFF1C4BC4D0003FC185 /* UIImage+Common.m */; };
		1F39B0031C4BC565003FC185 /* UILabel+Common.m in Sources */ = {isa = PBXBuildFile; fileRef = 1F39B0021C4BC564003FC185 /* UILabel+Common.m */; };
		1F39B0081C4BC6D3003FC185 /* UITapImageView.m in Sources */ = {isa = PBXBuildFile; fileRef = 1F39B0071C4BC6D3003FC185 /* UITapImageView.m */; };
		1F39B00C1C4BC8C0003FC185 /* UITableView+Common.m in Sources */ = {isa = PBXBuildFile; fileRef = 1F39B00B1C4BC8C0003FC185 /* UITableView+Common.m */; };
		1F39B00F1C4BCE82003FC185 /* UIBadgeView.m in Sources */ = {isa = PBXBuildFile; fileRef = 1F39B00E1C4BCE82003FC185 /* UIBadgeView.m */; };
		1F39B0121C4BCFCD003FC185 /* UICustomCollectionView.m in Sources */ = {isa = PBXBuildFile; fileRef = 1F39B0111C4BCFCD003FC185 /* UICustomCollectionView.m */; };
		1F39B0151C4BD034003FC185 /* UIPlaceHolderTextView.m in Sources */ = {isa = PBXBuildFile; fileRef = 1F39B0141C4BD034003FC185 /* UIPlaceHolderTextView.m */; };
		1F39B0181C4BD1F5003FC185 /* UITTTAttributedLabel.m in Sources */ = {isa = PBXBuildFile; fileRef = 1F39B0171C4BD1F5003FC185 /* UITTTAttributedLabel.m */; };
		1F39B01B1C4BD2ED003FC185 /* UIUnderlinedButton.m in Sources */ = {isa = PBXBuildFile; fileRef = 1F39B01A1C4BD2ED003FC185 /* UIUnderlinedButton.m */; };
		1F39B01E1C4BD370003FC185 /* UILongPressMenuImageView.m in Sources */ = {isa = PBXBuildFile; fileRef = 1F39B01D1C4BD370003FC185 /* UILongPressMenuImageView.m */; };
		1F39B0211C4BD4F7003FC185 /* UIToolBar.m in Sources */ = {isa = PBXBuildFile; fileRef = 1F39B0201C4BD4F7003FC185 /* UIToolBar.m */; };
/* End PBXBuildFile section */

/* Begin PBXContainerItemProxy section */
		1F39AFB81C4A901D003FC185 /* PBXContainerItemProxy */ = {
			isa = PBXContainerItemProxy;
			containerPortal = 1F39AF961C4A901D003FC185 /* Project object */;
			proxyType = 1;
			remoteGlobalIDString = 1F39AF9D1C4A901D003FC185;
			remoteInfo = CodingNet;
		};
		1F39AFC31C4A901D003FC185 /* PBXContainerItemProxy */ = {
			isa = PBXContainerItemProxy;
			containerPortal = 1F39AF961C4A901D003FC185 /* Project object */;
			proxyType = 1;
			remoteGlobalIDString = 1F39AF9D1C4A901D003FC185;
			remoteInfo = CodingNet;
		};
/* End PBXContainerItemProxy section */

/* Begin PBXFileReference section */
		1F39AF9E1C4A901D003FC185 /* CodingNet.app */ = {isa = PBXFileReference; explicitFileType = wrapper.application; includeInIndex = 0; path = CodingNet.app; sourceTree = BUILT_PRODUCTS_DIR; };
		1F39AFA21C4A901D003FC185 /* main.m */ = {isa = PBXFileReference; lastKnownFileType = sourcecode.c.objc; path = main.m; sourceTree = "<group>"; };
		1F39AFA41C4A901D003FC185 /* AppDelegate.h */ = {isa = PBXFileReference; lastKnownFileType = sourcecode.c.h; path = AppDelegate.h; sourceTree = "<group>"; };
		1F39AFA51C4A901D003FC185 /* AppDelegate.m */ = {isa = PBXFileReference; lastKnownFileType = sourcecode.c.objc; path = AppDelegate.m; sourceTree = "<group>"; };
		1F39AFA71C4A901D003FC185 /* ViewController.h */ = {isa = PBXFileReference; lastKnownFileType = sourcecode.c.h; path = ViewController.h; sourceTree = "<group>"; };
		1F39AFA81C4A901D003FC185 /* ViewController.m */ = {isa = PBXFileReference; lastKnownFileType = sourcecode.c.objc; path = ViewController.m; sourceTree = "<group>"; };
		1F39AFAB1C4A901D003FC185 /* Base */ = {isa = PBXFileReference; lastKnownFileType = file.storyboard; name = Base; path = Base.lproj/Main.storyboard; sourceTree = "<group>"; };
		1F39AFAD1C4A901D003FC185 /* Assets.xcassets */ = {isa = PBXFileReference; lastKnownFileType = folder.assetcatalog; path = Assets.xcassets; sourceTree = "<group>"; };
		1F39AFB01C4A901D003FC185 /* Base */ = {isa = PBXFileReference; lastKnownFileType = file.storyboard; name = Base; path = Base.lproj/LaunchScreen.storyboard; sourceTree = "<group>"; };
		1F39AFB21C4A901D003FC185 /* Info.plist */ = {isa = PBXFileReference; lastKnownFileType = text.plist.xml; path = Info.plist; sourceTree = "<group>"; };
		1F39AFB71C4A901D003FC185 /* CodingNetTests.xctest */ = {isa = PBXFileReference; explicitFileType = wrapper.cfbundle; includeInIndex = 0; path = CodingNetTests.xctest; sourceTree = BUILT_PRODUCTS_DIR; };
		1F39AFBB1C4A901D003FC185 /* CodingNetTests.m */ = {isa = PBXFileReference; lastKnownFileType = sourcecode.c.objc; path = CodingNetTests.m; sourceTree = "<group>"; };
		1F39AFBD1C4A901D003FC185 /* Info.plist */ = {isa = PBXFileReference; lastKnownFileType = text.plist.xml; path = Info.plist; sourceTree = "<group>"; };
		1F39AFC21C4A901D003FC185 /* CodingNetUITests.xctest */ = {isa = PBXFileReference; explicitFileType = wrapper.cfbundle; includeInIndex = 0; path = CodingNetUITests.xctest; sourceTree = BUILT_PRODUCTS_DIR; };
		1F39AFC61C4A901D003FC185 /* CodingNetUITests.m */ = {isa = PBXFileReference; lastKnownFileType = sourcecode.c.objc; path = CodingNetUITests.m; sourceTree = "<group>"; };
		1F39AFC81C4A901D003FC185 /* Info.plist */ = {isa = PBXFileReference; lastKnownFileType = text.plist.xml; path = Info.plist; sourceTree = "<group>"; };
		1F39AFD61C4A9130003FC185 /* NSDate+Helper.h */ = {isa = PBXFileReference; fileEncoding = 4; lastKnownFileType = sourcecode.c.h; path = "NSDate+Helper.h"; sourceTree = "<group>"; };
		1F39AFD71C4A9130003FC185 /* NSDate+Helper.m */ = {isa = PBXFileReference; fileEncoding = 4; lastKnownFileType = sourcecode.c.objc; path = "NSDate+Helper.m"; sourceTree = "<group>"; };
		1F39AFDA1C4A9174003FC185 /* NSDate+Convenience.h */ = {isa = PBXFileReference; fileEncoding = 4; lastKnownFileType = sourcecode.c.h; path = "NSDate+Convenience.h"; sourceTree = "<group>"; };
		1F39AFDB1C4A9174003FC185 /* NSDate+Convenience.m */ = {isa = PBXFileReference; fileEncoding = 4; lastKnownFileType = sourcecode.c.objc; path = "NSDate+Convenience.m"; sourceTree = "<group>"; };
		1F39AFDD1C4A91B1003FC185 /* NSDate+Common.h */ = {isa = PBXFileReference; fileEncoding = 4; lastKnownFileType = sourcecode.c.h; path = "NSDate+Common.h"; sourceTree = "<group>"; };
		1F39AFDE1C4A91B1003FC185 /* NSDate+Common.m */ = {isa = PBXFileReference; fileEncoding = 4; lastKnownFileType = sourcecode.c.objc; path = "NSDate+Common.m"; sourceTree = "<group>"; };
		1F39AFE51C4B8F46003FC185 /* NSString+Emojize.h */ = {isa = PBXFileReference; fileEncoding = 4; lastKnownFileType = sourcecode.c.h; path = "NSString+Emojize.h"; sourceTree = "<group>"; };
		1F39AFE61C4B8F46003FC185 /* NSString+Emojize.m */ = {isa = PBXFileReference; fileEncoding = 4; lastKnownFileType = sourcecode.c.objc; path = "NSString+Emojize.m"; sourceTree = "<group>"; };
		1F39AFEB1C4B9172003FC185 /* emojis.h */ = {isa = PBXFileReference; fileEncoding = 4; lastKnownFileType = sourcecode.c.h; path = emojis.h; sourceTree = "<group>"; };
		1F39AFEE1C4B94CF003FC185 /* UIButton+Bootstrap.h */ = {isa = PBXFileReference; fileEncoding = 4; lastKnownFileType = sourcecode.c.h; path = "UIButton+Bootstrap.h"; sourceTree = "<group>"; };
		1F39AFEF1C4B94CF003FC185 /* UIButton+Bootstrap.m */ = {isa = PBXFileReference; fileEncoding = 4; lastKnownFileType = sourcecode.c.objc; path = "UIButton+Bootstrap.m"; sourceTree = "<group>"; };
		1F39AFF11C4B97F7003FC185 /* UIColor+Expanded.h */ = {isa = PBXFileReference; fileEncoding = 4; lastKnownFileType = sourcecode.c.h; path = "UIColor+Expanded.h"; sourceTree = "<group>"; };
		1F39AFF21C4B97F7003FC185 /* UIColor+Expanded.m */ = {isa = PBXFileReference; fileEncoding = 4; lastKnownFileType = sourcecode.c.objc; path = "UIColor+Expanded.m"; sourceTree = "<group>"; };
		1F39AFF41C4BB79C003FC185 /* UIButton+Common.h */ = {isa = PBXFileReference; fileEncoding = 4; lastKnownFileType = sourcecode.c.h; path = "UIButton+Common.h"; sourceTree = "<group>"; };
		1F39AFF51C4BB79C003FC185 /* UIButton+Common.m */ = {isa = PBXFileReference; fileEncoding = 4; lastKnownFileType = sourcecode.c.objc; path = "UIButton+Common.m"; sourceTree = "<group>"; };
		1F39AFF71C4BB914003FC185 /* NSString+Common.h */ = {isa = PBXFileReference; fileEncoding = 4; lastKnownFileType = sourcecode.c.h; path = "NSString+Common.h"; sourceTree = "<group>"; };
		1F39AFF81C4BB914003FC185 /* NSString+Common.m */ = {isa = PBXFileReference; fileEncoding = 4; lastKnownFileType = sourcecode.c.objc; path = "NSString+Common.m"; sourceTree = "<group>"; };
		1F39AFFA1C4BBD58003FC185 /* CodingNet.pch */ = {isa = PBXFileReference; lastKnownFileType = sourcecode.c.h; path = CodingNet.pch; sourceTree = "<group>"; };
		1F39AFFB1C4BC31F003FC185 /* UIDevice+Info.h */ = {isa = PBXFileReference; fileEncoding = 4; lastKnownFileType = sourcecode.c.h; path = "UIDevice+Info.h"; sourceTree = "<group>"; };
		1F39AFFC1C4BC31F003FC185 /* UIDevice+Info.m */ = {isa = PBXFileReference; fileEncoding = 4; lastKnownFileType = sourcecode.c.objc; path = "UIDevice+Info.m"; sourceTree = "<group>"; };
		1F39AFFE1C4BC4D0003FC185 /* UIImage+Common.h */ = {isa = PBXFileReference; fileEncoding = 4; lastKnownFileType = sourcecode.c.h; path = "UIImage+Common.h"; sourceTree = "<group>"; };
		1F39AFFF1C4BC4D0003FC185 /* UIImage+Common.m */ = {isa = PBXFileReference; fileEncoding = 4; lastKnownFileType = sourcecode.c.objc; path = "UIImage+Common.m"; sourceTree = "<group>"; };
		1F39B0011C4BC564003FC185 /* UILabel+Common.h */ = {isa = PBXFileReference; fileEncoding = 4; lastKnownFileType = sourcecode.c.h; path = "UILabel+Common.h"; sourceTree = "<group>"; };
		1F39B0021C4BC564003FC185 /* UILabel+Common.m */ = {isa = PBXFileReference; fileEncoding = 4; lastKnownFileType = sourcecode.c.objc; path = "UILabel+Common.m"; sourceTree = "<group>"; };
		1F39B0061C4BC6D3003FC185 /* UITapImageView.h */ = {isa = PBXFileReference; fileEncoding = 4; lastKnownFileType = sourcecode.c.h; path = UITapImageView.h; sourceTree = "<group>"; };
		1F39B0071C4BC6D3003FC185 /* UITapImageView.m */ = {isa = PBXFileReference; fileEncoding = 4; lastKnownFileType = sourcecode.c.objc; path = UITapImageView.m; sourceTree = "<group>"; };
		1F39B00A1C4BC8C0003FC185 /* UITableView+Common.h */ = {isa = PBXFileReference; fileEncoding = 4; lastKnownFileType = sourcecode.c.h; path = "UITableView+Common.h"; sourceTree = "<group>"; };
		1F39B00B1C4BC8C0003FC185 /* UITableView+Common.m */ = {isa = PBXFileReference; fileEncoding = 4; lastKnownFileType = sourcecode.c.objc; path = "UITableView+Common.m"; sourceTree = "<group>"; };
		1F39B00D1C4BCE82003FC185 /* UIBadgeView.h */ = {isa = PBXFileReference; fileEncoding = 4; lastKnownFileType = sourcecode.c.h; path = UIBadgeView.h; sourceTree = "<group>"; };
		1F39B00E1C4BCE82003FC185 /* UIBadgeView.m */ = {isa = PBXFileReference; fileEncoding = 4; lastKnownFileType = sourcecode.c.objc; path = UIBadgeView.m; sourceTree = "<group>"; };
		1F39B0101C4BCFCD003FC185 /* UICustomCollectionView.h */ = {isa = PBXFileReference; fileEncoding = 4; lastKnownFileType = sourcecode.c.h; path = UICustomCollectionView.h; sourceTree = "<group>"; };
		1F39B0111C4BCFCD003FC185 /* UICustomCollectionView.m */ = {isa = PBXFileReference; fileEncoding = 4; lastKnownFileType = sourcecode.c.objc; path = UICustomCollectionView.m; sourceTree = "<group>"; };
		1F39B0131C4BD034003FC185 /* UIPlaceHolderTextView.h */ = {isa = PBXFileReference; fileEncoding = 4; lastKnownFileType = sourcecode.c.h; path = UIPlaceHolderTextView.h; sourceTree = "<group>"; };
		1F39B0141C4BD034003FC185 /* UIPlaceHolderTextView.m */ = {isa = PBXFileReference; fileEncoding = 4; lastKnownFileType = sourcecode.c.objc; path = UIPlaceHolderTextView.m; sourceTree = "<group>"; };
		1F39B0161C4BD1F5003FC185 /* UITTTAttributedLabel.h */ = {isa = PBXFileReference; fileEncoding = 4; lastKnownFileType = sourcecode.c.h; path = UITTTAttributedLabel.h; sourceTree = "<group>"; };
		1F39B0171C4BD1F5003FC185 /* UITTTAttributedLabel.m */ = {isa = PBXFileReference; fileEncoding = 4; lastKnownFileType = sourcecode.c.objc; path = UITTTAttributedLabel.m; sourceTree = "<group>"; };
		1F39B0191C4BD2ED003FC185 /* UIUnderlinedButton.h */ = {isa = PBXFileReference; fileEncoding = 4; lastKnownFileType = sourcecode.c.h; path = UIUnderlinedButton.h; sourceTree = "<group>"; };
		1F39B01A1C4BD2ED003FC185 /* UIUnderlinedButton.m */ = {isa = PBXFileReference; fileEncoding = 4; lastKnownFileType = sourcecode.c.objc; path = UIUnderlinedButton.m; sourceTree = "<group>"; };
		1F39B01C1C4BD370003FC185 /* UILongPressMenuImageView.h */ = {isa = PBXFileReference; fileEncoding = 4; lastKnownFileType = sourcecode.c.h; path = UILongPressMenuImageView.h; sourceTree = "<group>"; };
		1F39B01D1C4BD370003FC185 /* UILongPressMenuImageView.m */ = {isa = PBXFileReference; fileEncoding = 4; lastKnownFileType = sourcecode.c.objc; path = UILongPressMenuImageView.m; sourceTree = "<group>"; };
		1F39B01F1C4BD4F7003FC185 /* UIToolBar.h */ = {isa = PBXFileReference; fileEncoding = 4; lastKnownFileType = sourcecode.c.h; path = UIToolBar.h; sourceTree = "<group>"; };
		1F39B0201C4BD4F7003FC185 /* UIToolBar.m */ = {isa = PBXFileReference; fileEncoding = 4; lastKnownFileType = sourcecode.c.objc; path = UIToolBar.m; sourceTree = "<group>"; };
		7EEF87F0D689B380EC7DE36F /* Pods.debug.xcconfig */ = {isa = PBXFileReference; includeInIndex = 1; lastKnownFileType = text.xcconfig; name = Pods.debug.xcconfig; path = "Pods/Target Support Files/Pods/Pods.debug.xcconfig"; sourceTree = "<group>"; };
		B5C452986ED8DC03D2A7ED60 /* Pods.release.xcconfig */ = {isa = PBXFileReference; includeInIndex = 1; lastKnownFileType = text.xcconfig; name = Pods.release.xcconfig; path = "Pods/Target Support Files/Pods/Pods.release.xcconfig"; sourceTree = "<group>"; };
		C30B30D30C065D2586613F79 /* libPods.a */ = {isa = PBXFileReference; explicitFileType = archive.ar; includeInIndex = 0; path = libPods.a; sourceTree = BUILT_PRODUCTS_DIR; };
/* End PBXFileReference section */

/* Begin PBXFrameworksBuildPhase section */
		1F39AF9B1C4A901D003FC185 /* Frameworks */ = {
			isa = PBXFrameworksBuildPhase;
			buildActionMask = 2147483647;
			files = (
				0D35F1C42E56413812C0525A /* libPods.a in Frameworks */,
			);
			runOnlyForDeploymentPostprocessing = 0;
		};
		1F39AFB41C4A901D003FC185 /* Frameworks */ = {
			isa = PBXFrameworksBuildPhase;
			buildActionMask = 2147483647;
			files = (
			);
			runOnlyForDeploymentPostprocessing = 0;
		};
		1F39AFBF1C4A901D003FC185 /* Frameworks */ = {
			isa = PBXFrameworksBuildPhase;
			buildActionMask = 2147483647;
			files = (
			);
			runOnlyForDeploymentPostprocessing = 0;
		};
/* End PBXFrameworksBuildPhase section */

/* Begin PBXGroup section */
		1F39AF951C4A901D003FC185 = {
			isa = PBXGroup;
			children = (
				1F39AFA01C4A901D003FC185 /* CodingNet */,
				1F39AFBA1C4A901D003FC185 /* CodingNetTests */,
				1F39AFC51C4A901D003FC185 /* CodingNetUITests */,
				1F39AF9F1C4A901D003FC185 /* Products */,
				B620A228879D371E8C5B9298 /* Pods */,
				5061250D42CEBF5C31557CA6 /* Frameworks */,
			);
			sourceTree = "<group>";
		};
		1F39AF9F1C4A901D003FC185 /* Products */ = {
			isa = PBXGroup;
			children = (
				1F39AF9E1C4A901D003FC185 /* CodingNet.app */,
				1F39AFB71C4A901D003FC185 /* CodingNetTests.xctest */,
				1F39AFC21C4A901D003FC185 /* CodingNetUITests.xctest */,
			);
			name = Products;
			sourceTree = "<group>";
		};
		1F39AFA01C4A901D003FC185 /* CodingNet */ = {
			isa = PBXGroup;
			children = (
				1F39AFD91C4A9137003FC185 /* Category */,
				1F39B0041C4BC5F9003FC185 /* Util */,
				1F39AFD41C4A9130003FC185 /* Vendor */,
				1F39AFA41C4A901D003FC185 /* AppDelegate.h */,
				1F39AFA51C4A901D003FC185 /* AppDelegate.m */,
				1F39AFA71C4A901D003FC185 /* ViewController.h */,
				1F39AFA81C4A901D003FC185 /* ViewController.m */,
				1F39AFAA1C4A901D003FC185 /* Main.storyboard */,
				1F39AFAD1C4A901D003FC185 /* Assets.xcassets */,
				1F39AFAF1C4A901D003FC185 /* LaunchScreen.storyboard */,
				1F39AFB21C4A901D003FC185 /* Info.plist */,
				1F39AFA11C4A901D003FC185 /* Supporting Files */,
				1F39AFFA1C4BBD58003FC185 /* CodingNet.pch */,
			);
			path = CodingNet;
			sourceTree = "<group>";
		};
		1F39AFA11C4A901D003FC185 /* Supporting Files */ = {
			isa = PBXGroup;
			children = (
				1F39AFA21C4A901D003FC185 /* main.m */,
			);
			name = "Supporting Files";
			sourceTree = "<group>";
		};
		1F39AFBA1C4A901D003FC185 /* CodingNetTests */ = {
			isa = PBXGroup;
			children = (
				1F39AFBB1C4A901D003FC185 /* CodingNetTests.m */,
				1F39AFBD1C4A901D003FC185 /* Info.plist */,
			);
			path = CodingNetTests;
			sourceTree = "<group>";
		};
		1F39AFC51C4A901D003FC185 /* CodingNetUITests */ = {
			isa = PBXGroup;
			children = (
				1F39AFC61C4A901D003FC185 /* CodingNetUITests.m */,
				1F39AFC81C4A901D003FC185 /* Info.plist */,
			);
			path = CodingNetUITests;
			sourceTree = "<group>";
		};
		1F39AFD41C4A9130003FC185 /* Vendor */ = {
			isa = PBXGroup;
			children = (
				1F39AFE41C4B8F2B003FC185 /* NSStringEmojize */,
				1F39AFD51C4A9130003FC185 /* NSDate+Helper */,
			);
			path = Vendor;
			sourceTree = "<group>";
		};
		1F39AFD51C4A9130003FC185 /* NSDate+Helper */ = {
			isa = PBXGroup;
			children = (
				1F39AFD61C4A9130003FC185 /* NSDate+Helper.h */,
				1F39AFD71C4A9130003FC185 /* NSDate+Helper.m */,
			);
			path = "NSDate+Helper";
			sourceTree = "<group>";
		};
		1F39AFD91C4A9137003FC185 /* Category */ = {
			isa = PBXGroup;
			children = (
				1F39AFDD1C4A91B1003FC185 /* NSDate+Common.h */,
				1F39AFDE1C4A91B1003FC185 /* NSDate+Common.m */,
				1F39AFDA1C4A9174003FC185 /* NSDate+Convenience.h */,
				1F39AFDB1C4A9174003FC185 /* NSDate+Convenience.m */,
				1F39AFF71C4BB914003FC185 /* NSString+Common.h */,
				1F39AFF81C4BB914003FC185 /* NSString+Common.m */,
				1F39AFEE1C4B94CF003FC185 /* UIButton+Bootstrap.h */,
				1F39AFEF1C4B94CF003FC185 /* UIButton+Bootstrap.m */,
				1F39AFF41C4BB79C003FC185 /* UIButton+Common.h */,
				1F39AFF51C4BB79C003FC185 /* UIButton+Common.m */,
				1F39AFF11C4B97F7003FC185 /* UIColor+Expanded.h */,
				1F39AFF21C4B97F7003FC185 /* UIColor+Expanded.m */,
				1F39AFFB1C4BC31F003FC185 /* UIDevice+Info.h */,
				1F39AFFC1C4BC31F003FC185 /* UIDevice+Info.m */,
				1F39AFFE1C4BC4D0003FC185 /* UIImage+Common.h */,
				1F39AFFF1C4BC4D0003FC185 /* UIImage+Common.m */,
				1F39B0011C4BC564003FC185 /* UILabel+Common.h */,
				1F39B0021C4BC564003FC185 /* UILabel+Common.m */,
				1F39B00A1C4BC8C0003FC185 /* UITableView+Common.h */,
				1F39B00B1C4BC8C0003FC185 /* UITableView+Common.m */,
			);
			path = Category;
			sourceTree = "<group>";
		};
		1F39AFE41C4B8F2B003FC185 /* NSStringEmojize */ = {
			isa = PBXGroup;
			children = (
				1F39AFEB1C4B9172003FC185 /* emojis.h */,
				1F39AFE51C4B8F46003FC185 /* NSString+Emojize.h */,
				1F39AFE61C4B8F46003FC185 /* NSString+Emojize.m */,
			);
			path = NSStringEmojize;
			sourceTree = "<group>";
		};
		1F39B0041C4BC5F9003FC185 /* Util */ = {
			isa = PBXGroup;
			children = (
				1F39B00D1C4BCE82003FC185 /* UIBadgeView.h */,
				1F39B00E1C4BCE82003FC185 /* UIBadgeView.m */,
				1F39B0101C4BCFCD003FC185 /* UICustomCollectionView.h */,
				1F39B0111C4BCFCD003FC185 /* UICustomCollectionView.m */,
				1F39B0131C4BD034003FC185 /* UIPlaceHolderTextView.h */,
				1F39B0141C4BD034003FC185 /* UIPlaceHolderTextView.m */,
				1F39B0061C4BC6D3003FC185 /* UITapImageView.h */,
				1F39B0071C4BC6D3003FC185 /* UITapImageView.m */,
				1F39B0161C4BD1F5003FC185 /* UITTTAttributedLabel.h */,
				1F39B0171C4BD1F5003FC185 /* UITTTAttributedLabel.m */,
				1F39B0191C4BD2ED003FC185 /* UIUnderlinedButton.h */,
				1F39B01A1C4BD2ED003FC185 /* UIUnderlinedButton.m */,
				1F39B01C1C4BD370003FC185 /* UILongPressMenuImageView.h */,
				1F39B01D1C4BD370003FC185 /* UILongPressMenuImageView.m */,
				1F39B01F1C4BD4F7003FC185 /* UIToolBar.h */,
				1F39B0201C4BD4F7003FC185 /* UIToolBar.m */,
			);
			path = Util;
			sourceTree = "<group>";
		};
		5061250D42CEBF5C31557CA6 /* Frameworks */ = {
			isa = PBXGroup;
			children = (
				C30B30D30C065D2586613F79 /* libPods.a */,
			);
			name = Frameworks;
			sourceTree = "<group>";
		};
		B620A228879D371E8C5B9298 /* Pods */ = {
			isa = PBXGroup;
			children = (
				7EEF87F0D689B380EC7DE36F /* Pods.debug.xcconfig */,
				B5C452986ED8DC03D2A7ED60 /* Pods.release.xcconfig */,
			);
			name = Pods;
			sourceTree = "<group>";
		};
/* End PBXGroup section */

/* Begin PBXNativeTarget section */
		1F39AF9D1C4A901D003FC185 /* CodingNet */ = {
			isa = PBXNativeTarget;
			buildConfigurationList = 1F39AFCB1C4A901D003FC185 /* Build configuration list for PBXNativeTarget "CodingNet" */;
			buildPhases = (
				5721DE8BC611998E10DDCE38 /* Check Pods Manifest.lock */,
				1F39AF9A1C4A901D003FC185 /* Sources */,
				1F39AF9B1C4A901D003FC185 /* Frameworks */,
				1F39AF9C1C4A901D003FC185 /* Resources */,
				E72E96EC712D08FA1FC11869 /* Embed Pods Frameworks */,
				065D4F828AE50C7492B6C76A /* Copy Pods Resources */,
			);
			buildRules = (
			);
			dependencies = (
			);
			name = CodingNet;
			productName = CodingNet;
			productReference = 1F39AF9E1C4A901D003FC185 /* CodingNet.app */;
			productType = "com.apple.product-type.application";
		};
		1F39AFB61C4A901D003FC185 /* CodingNetTests */ = {
			isa = PBXNativeTarget;
			buildConfigurationList = 1F39AFCE1C4A901D003FC185 /* Build configuration list for PBXNativeTarget "CodingNetTests" */;
			buildPhases = (
				1F39AFB31C4A901D003FC185 /* Sources */,
				1F39AFB41C4A901D003FC185 /* Frameworks */,
				1F39AFB51C4A901D003FC185 /* Resources */,
			);
			buildRules = (
			);
			dependencies = (
				1F39AFB91C4A901D003FC185 /* PBXTargetDependency */,
			);
			name = CodingNetTests;
			productName = CodingNetTests;
			productReference = 1F39AFB71C4A901D003FC185 /* CodingNetTests.xctest */;
			productType = "com.apple.product-type.bundle.unit-test";
		};
		1F39AFC11C4A901D003FC185 /* CodingNetUITests */ = {
			isa = PBXNativeTarget;
			buildConfigurationList = 1F39AFD11C4A901D003FC185 /* Build configuration list for PBXNativeTarget "CodingNetUITests" */;
			buildPhases = (
				1F39AFBE1C4A901D003FC185 /* Sources */,
				1F39AFBF1C4A901D003FC185 /* Frameworks */,
				1F39AFC01C4A901D003FC185 /* Resources */,
			);
			buildRules = (
			);
			dependencies = (
				1F39AFC41C4A901D003FC185 /* PBXTargetDependency */,
			);
			name = CodingNetUITests;
			productName = CodingNetUITests;
			productReference = 1F39AFC21C4A901D003FC185 /* CodingNetUITests.xctest */;
			productType = "com.apple.product-type.bundle.ui-testing";
		};
/* End PBXNativeTarget section */

/* Begin PBXProject section */
		1F39AF961C4A901D003FC185 /* Project object */ = {
			isa = PBXProject;
			attributes = {
				LastUpgradeCheck = 0720;
				ORGANIZATIONNAME = MyMac;
				TargetAttributes = {
					1F39AF9D1C4A901D003FC185 = {
						CreatedOnToolsVersion = 7.2;
						DevelopmentTeam = V9GR4BU3R6;
					};
					1F39AFB61C4A901D003FC185 = {
						CreatedOnToolsVersion = 7.2;
						TestTargetID = 1F39AF9D1C4A901D003FC185;
					};
					1F39AFC11C4A901D003FC185 = {
						CreatedOnToolsVersion = 7.2;
						TestTargetID = 1F39AF9D1C4A901D003FC185;
					};
				};
			};
			buildConfigurationList = 1F39AF991C4A901D003FC185 /* Build configuration list for PBXProject "CodingNet" */;
			compatibilityVersion = "Xcode 3.2";
			developmentRegion = English;
			hasScannedForEncodings = 0;
			knownRegions = (
				en,
				Base,
			);
			mainGroup = 1F39AF951C4A901D003FC185;
			productRefGroup = 1F39AF9F1C4A901D003FC185 /* Products */;
			projectDirPath = "";
			projectRoot = "";
			targets = (
				1F39AF9D1C4A901D003FC185 /* CodingNet */,
				1F39AFB61C4A901D003FC185 /* CodingNetTests */,
				1F39AFC11C4A901D003FC185 /* CodingNetUITests */,
			);
		};
/* End PBXProject section */

/* Begin PBXResourcesBuildPhase section */
		1F39AF9C1C4A901D003FC185 /* Resources */ = {
			isa = PBXResourcesBuildPhase;
			buildActionMask = 2147483647;
			files = (
				1F39AFB11C4A901D003FC185 /* LaunchScreen.storyboard in Resources */,
				1F39AFAE1C4A901D003FC185 /* Assets.xcassets in Resources */,
				1F39AFAC1C4A901D003FC185 /* Main.storyboard in Resources */,
			);
			runOnlyForDeploymentPostprocessing = 0;
		};
		1F39AFB51C4A901D003FC185 /* Resources */ = {
			isa = PBXResourcesBuildPhase;
			buildActionMask = 2147483647;
			files = (
			);
			runOnlyForDeploymentPostprocessing = 0;
		};
		1F39AFC01C4A901D003FC185 /* Resources */ = {
			isa = PBXResourcesBuildPhase;
			buildActionMask = 2147483647;
			files = (
			);
			runOnlyForDeploymentPostprocessing = 0;
		};
/* End PBXResourcesBuildPhase section */

/* Begin PBXShellScriptBuildPhase section */
		065D4F828AE50C7492B6C76A /* Copy Pods Resources */ = {
			isa = PBXShellScriptBuildPhase;
			buildActionMask = 2147483647;
			files = (
			);
			inputPaths = (
			);
			name = "Copy Pods Resources";
			outputPaths = (
			);
			runOnlyForDeploymentPostprocessing = 0;
			shellPath = /bin/sh;
			shellScript = "\"${SRCROOT}/Pods/Target Support Files/Pods/Pods-resources.sh\"\n";
			showEnvVarsInLog = 0;
		};
		5721DE8BC611998E10DDCE38 /* Check Pods Manifest.lock */ = {
			isa = PBXShellScriptBuildPhase;
			buildActionMask = 2147483647;
			files = (
			);
			inputPaths = (
			);
			name = "Check Pods Manifest.lock";
			outputPaths = (
			);
			runOnlyForDeploymentPostprocessing = 0;
			shellPath = /bin/sh;
			shellScript = "diff \"${PODS_ROOT}/../Podfile.lock\" \"${PODS_ROOT}/Manifest.lock\" > /dev/null\nif [[ $? != 0 ]] ; then\n    cat << EOM\nerror: The sandbox is not in sync with the Podfile.lock. Run 'pod install' or update your CocoaPods installation.\nEOM\n    exit 1\nfi\n";
			showEnvVarsInLog = 0;
		};
		E72E96EC712D08FA1FC11869 /* Embed Pods Frameworks */ = {
			isa = PBXShellScriptBuildPhase;
			buildActionMask = 2147483647;
			files = (
			);
			inputPaths = (
			);
			name = "Embed Pods Frameworks";
			outputPaths = (
			);
			runOnlyForDeploymentPostprocessing = 0;
			shellPath = /bin/sh;
			shellScript = "\"${SRCROOT}/Pods/Target Support Files/Pods/Pods-frameworks.sh\"\n";
			showEnvVarsInLog = 0;
		};
/* End PBXShellScriptBuildPhase section */

/* Begin PBXSourcesBuildPhase section */
		1F39AF9A1C4A901D003FC185 /* Sources */ = {
			isa = PBXSourcesBuildPhase;
			buildActionMask = 2147483647;
			files = (
				1F39AFF31C4B97F7003FC185 /* UIColor+Expanded.m in Sources */,
				1F39AFD81C4A9130003FC185 /* NSDate+Helper.m in Sources */,
				1F39AFA91C4A901D003FC185 /* ViewController.m in Sources */,
				1F39AFF01C4B94CF003FC185 /* UIButton+Bootstrap.m in Sources */,
				1F39B00C1C4BC8C0003FC185 /* UITableView+Common.m in Sources */,
				1F39B00F1C4BCE82003FC185 /* UIBadgeView.m in Sources */,
				1F39AFF91C4BB914003FC185 /* NSString+Common.m in Sources */,
				1F39B0211C4BD4F7003FC185 /* UIToolBar.m in Sources */,
				1F39B0121C4BCFCD003FC185 /* UICustomCollectionView.m in Sources */,
				1F39B0081C4BC6D3003FC185 /* UITapImageView.m in Sources */,
				1F39AFF61C4BB79C003FC185 /* UIButton+Common.m in Sources */,
				1F39AFDC1C4A9174003FC185 /* NSDate+Convenience.m in Sources */,
				1F39B0181C4BD1F5003FC185 /* UITTTAttributedLabel.m in Sources */,
				1F39AFFD1C4BC31F003FC185 /* UIDevice+Info.m in Sources */,
				1F39AFE71C4B8F46003FC185 /* NSString+Emojize.m in Sources */,
				1F39B0001C4BC4D0003FC185 /* UIImage+Common.m in Sources */,
				1F39AFA61C4A901D003FC185 /* AppDelegate.m in Sources */,
				1F39AFA31C4A901D003FC185 /* main.m in Sources */,
				1F39B01B1C4BD2ED003FC185 /* UIUnderlinedButton.m in Sources */,
				1F39AFDF1C4A91B1003FC185 /* NSDate+Common.m in Sources */,
				1F39B0031C4BC565003FC185 /* UILabel+Common.m in Sources */,
				1F39B0151C4BD034003FC185 /* UIPlaceHolderTextView.m in Sources */,
				1F39B01E1C4BD370003FC185 /* UILongPressMenuImageView.m in Sources */,
			);
			runOnlyForDeploymentPostprocessing = 0;
		};
		1F39AFB31C4A901D003FC185 /* Sources */ = {
			isa = PBXSourcesBuildPhase;
			buildActionMask = 2147483647;
			files = (
				1F39AFBC1C4A901D003FC185 /* CodingNetTests.m in Sources */,
			);
			runOnlyForDeploymentPostprocessing = 0;
		};
		1F39AFBE1C4A901D003FC185 /* Sources */ = {
			isa = PBXSourcesBuildPhase;
			buildActionMask = 2147483647;
			files = (
				1F39AFC71C4A901D003FC185 /* CodingNetUITests.m in Sources */,
			);
			runOnlyForDeploymentPostprocessing = 0;
		};
/* End PBXSourcesBuildPhase section */

/* Begin PBXTargetDependency section */
		1F39AFB91C4A901D003FC185 /* PBXTargetDependency */ = {
			isa = PBXTargetDependency;
			target = 1F39AF9D1C4A901D003FC185 /* CodingNet */;
			targetProxy = 1F39AFB81C4A901D003FC185 /* PBXContainerItemProxy */;
		};
		1F39AFC41C4A901D003FC185 /* PBXTargetDependency */ = {
			isa = PBXTargetDependency;
			target = 1F39AF9D1C4A901D003FC185 /* CodingNet */;
			targetProxy = 1F39AFC31C4A901D003FC185 /* PBXContainerItemProxy */;
		};
/* End PBXTargetDependency section */

/* Begin PBXVariantGroup section */
		1F39AFAA1C4A901D003FC185 /* Main.storyboard */ = {
			isa = PBXVariantGroup;
			children = (
				1F39AFAB1C4A901D003FC185 /* Base */,
			);
			name = Main.storyboard;
			sourceTree = "<group>";
		};
		1F39AFAF1C4A901D003FC185 /* LaunchScreen.storyboard */ = {
			isa = PBXVariantGroup;
			children = (
				1F39AFB01C4A901D003FC185 /* Base */,
			);
			name = LaunchScreen.storyboard;
			sourceTree = "<group>";
		};
/* End PBXVariantGroup section */

/* Begin XCBuildConfiguration section */
		1F39AFC91C4A901D003FC185 /* Debug */ = {
			isa = XCBuildConfiguration;
			buildSettings = {
				ALWAYS_SEARCH_USER_PATHS = NO;
				CLANG_CXX_LANGUAGE_STANDARD = "gnu++0x";
				CLANG_CXX_LIBRARY = "libc++";
				CLANG_ENABLE_MODULES = YES;
				CLANG_ENABLE_OBJC_ARC = YES;
				CLANG_WARN_BOOL_CONVERSION = YES;
				CLANG_WARN_CONSTANT_CONVERSION = YES;
				CLANG_WARN_DIRECT_OBJC_ISA_USAGE = YES_ERROR;
				CLANG_WARN_EMPTY_BODY = YES;
				CLANG_WARN_ENUM_CONVERSION = YES;
				CLANG_WARN_INT_CONVERSION = YES;
				CLANG_WARN_OBJC_ROOT_CLASS = YES_ERROR;
				CLANG_WARN_UNREACHABLE_CODE = YES;
				CLANG_WARN__DUPLICATE_METHOD_MATCH = YES;
				"CODE_SIGN_IDENTITY[sdk=iphoneos*]" = "iPhone Developer";
				COPY_PHASE_STRIP = NO;
				DEBUG_INFORMATION_FORMAT = dwarf;
				ENABLE_STRICT_OBJC_MSGSEND = YES;
				ENABLE_TESTABILITY = YES;
				GCC_C_LANGUAGE_STANDARD = gnu99;
				GCC_DYNAMIC_NO_PIC = NO;
				GCC_NO_COMMON_BLOCKS = YES;
				GCC_OPTIMIZATION_LEVEL = 0;
				GCC_PREPROCESSOR_DEFINITIONS = (
					"DEBUG=1",
					"$(inherited)",
				);
				GCC_WARN_64_TO_32_BIT_CONVERSION = YES;
				GCC_WARN_ABOUT_RETURN_TYPE = YES_ERROR;
				GCC_WARN_UNDECLARED_SELECTOR = YES;
				GCC_WARN_UNINITIALIZED_AUTOS = YES_AGGRESSIVE;
				GCC_WARN_UNUSED_FUNCTION = YES;
				GCC_WARN_UNUSED_VARIABLE = YES;
				IPHONEOS_DEPLOYMENT_TARGET = 9.2;
				MTL_ENABLE_DEBUG_INFO = YES;
				ONLY_ACTIVE_ARCH = YES;
				SDKROOT = iphoneos;
			};
			name = Debug;
		};
		1F39AFCA1C4A901D003FC185 /* Release */ = {
			isa = XCBuildConfiguration;
			buildSettings = {
				ALWAYS_SEARCH_USER_PATHS = NO;
				CLANG_CXX_LANGUAGE_STANDARD = "gnu++0x";
				CLANG_CXX_LIBRARY = "libc++";
				CLANG_ENABLE_MODULES = YES;
				CLANG_ENABLE_OBJC_ARC = YES;
				CLANG_WARN_BOOL_CONVERSION = YES;
				CLANG_WARN_CONSTANT_CONVERSION = YES;
				CLANG_WARN_DIRECT_OBJC_ISA_USAGE = YES_ERROR;
				CLANG_WARN_EMPTY_BODY = YES;
				CLANG_WARN_ENUM_CONVERSION = YES;
				CLANG_WARN_INT_CONVERSION = YES;
				CLANG_WARN_OBJC_ROOT_CLASS = YES_ERROR;
				CLANG_WARN_UNREACHABLE_CODE = YES;
				CLANG_WARN__DUPLICATE_METHOD_MATCH = YES;
				"CODE_SIGN_IDENTITY[sdk=iphoneos*]" = "iPhone Developer";
				COPY_PHASE_STRIP = NO;
				DEBUG_INFORMATION_FORMAT = "dwarf-with-dsym";
				ENABLE_NS_ASSERTIONS = NO;
				ENABLE_STRICT_OBJC_MSGSEND = YES;
				GCC_C_LANGUAGE_STANDARD = gnu99;
				GCC_NO_COMMON_BLOCKS = YES;
				GCC_WARN_64_TO_32_BIT_CONVERSION = YES;
				GCC_WARN_ABOUT_RETURN_TYPE = YES_ERROR;
				GCC_WARN_UNDECLARED_SELECTOR = YES;
				GCC_WARN_UNINITIALIZED_AUTOS = YES_AGGRESSIVE;
				GCC_WARN_UNUSED_FUNCTION = YES;
				GCC_WARN_UNUSED_VARIABLE = YES;
				IPHONEOS_DEPLOYMENT_TARGET = 9.2;
				MTL_ENABLE_DEBUG_INFO = NO;
				SDKROOT = iphoneos;
				VALIDATE_PRODUCT = YES;
			};
			name = Release;
		};
		1F39AFCC1C4A901D003FC185 /* Debug */ = {
			isa = XCBuildConfiguration;
			baseConfigurationReference = 7EEF87F0D689B380EC7DE36F /* Pods.debug.xcconfig */;
			buildSettings = {
				ASSETCATALOG_COMPILER_APPICON_NAME = AppIcon;
				CODE_SIGN_IDENTITY = "iPhone Developer";
				GCC_PRECOMPILE_PREFIX_HEADER = YES;
				GCC_PREFIX_HEADER = "$(SRCROOT)/CodingNet/CodingNet.pch";
				INFOPLIST_FILE = CodingNet/Info.plist;
				IPHONEOS_DEPLOYMENT_TARGET = 7.0;
				LD_RUNPATH_SEARCH_PATHS = "$(inherited) @executable_path/Frameworks";
				PRODUCT_BUNDLE_IDENTIFIER = com.520dyw.www.CodingNet;
				PRODUCT_NAME = "$(TARGET_NAME)";
			};
			name = Debug;
		};
		1F39AFCD1C4A901D003FC185 /* Release */ = {
			isa = XCBuildConfiguration;
			baseConfigurationReference = B5C452986ED8DC03D2A7ED60 /* Pods.release.xcconfig */;
			buildSettings = {
				ASSETCATALOG_COMPILER_APPICON_NAME = AppIcon;
				CODE_SIGN_IDENTITY = "iPhone Developer";
				GCC_PRECOMPILE_PREFIX_HEADER = YES;
				GCC_PREFIX_HEADER = "$(SRCROOT)/CodingNet/CodingNet.pch";
				INFOPLIST_FILE = CodingNet/Info.plist;
				IPHONEOS_DEPLOYMENT_TARGET = 7.0;
				LD_RUNPATH_SEARCH_PATHS = "$(inherited) @executable_path/Frameworks";
				PRODUCT_BUNDLE_IDENTIFIER = com.520dyw.www.CodingNet;
				PRODUCT_NAME = "$(TARGET_NAME)";
			};
			name = Release;
		};
		1F39AFCF1C4A901D003FC185 /* Debug */ = {
			isa = XCBuildConfiguration;
			buildSettings = {
				BUNDLE_LOADER = "$(TEST_HOST)";
				INFOPLIST_FILE = CodingNetTests/Info.plist;
				LD_RUNPATH_SEARCH_PATHS = "$(inherited) @executable_path/Frameworks @loader_path/Frameworks";
				PRODUCT_BUNDLE_IDENTIFIER = com.520dyw.www.CodingNetTests;
				PRODUCT_NAME = "$(TARGET_NAME)";
				TEST_HOST = "$(BUILT_PRODUCTS_DIR)/CodingNet.app/CodingNet";
			};
			name = Debug;
		};
		1F39AFD01C4A901D003FC185 /* Release */ = {
			isa = XCBuildConfiguration;
			buildSettings = {
				BUNDLE_LOADER = "$(TEST_HOST)";
				INFOPLIST_FILE = CodingNetTests/Info.plist;
				LD_RUNPATH_SEARCH_PATHS = "$(inherited) @executable_path/Frameworks @loader_path/Frameworks";
				PRODUCT_BUNDLE_IDENTIFIER = com.520dyw.www.CodingNetTests;
				PRODUCT_NAME = "$(TARGET_NAME)";
				TEST_HOST = "$(BUILT_PRODUCTS_DIR)/CodingNet.app/CodingNet";
			};
			name = Release;
		};
		1F39AFD21C4A901D003FC185 /* Debug */ = {
			isa = XCBuildConfiguration;
			buildSettings = {
				INFOPLIST_FILE = CodingNetUITests/Info.plist;
				LD_RUNPATH_SEARCH_PATHS = "$(inherited) @executable_path/Frameworks @loader_path/Frameworks";
				PRODUCT_BUNDLE_IDENTIFIER = com.520dyw.www.CodingNetUITests;
				PRODUCT_NAME = "$(TARGET_NAME)";
				TEST_TARGET_NAME = CodingNet;
				USES_XCTRUNNER = YES;
			};
			name = Debug;
		};
		1F39AFD31C4A901D003FC185 /* Release */ = {
			isa = XCBuildConfiguration;
			buildSettings = {
				INFOPLIST_FILE = CodingNetUITests/Info.plist;
				LD_RUNPATH_SEARCH_PATHS = "$(inherited) @executable_path/Frameworks @loader_path/Frameworks";
				PRODUCT_BUNDLE_IDENTIFIER = com.520dyw.www.CodingNetUITests;
				PRODUCT_NAME = "$(TARGET_NAME)";
				TEST_TARGET_NAME = CodingNet;
				USES_XCTRUNNER = YES;
			};
			name = Release;
		};
/* End XCBuildConfiguration section */

/* Begin XCConfigurationList section */
		1F39AF991C4A901D003FC185 /* Build configuration list for PBXProject "CodingNet" */ = {
			isa = XCConfigurationList;
			buildConfigurations = (
				1F39AFC91C4A901D003FC185 /* Debug */,
				1F39AFCA1C4A901D003FC185 /* Release */,
			);
			defaultConfigurationIsVisible = 0;
			defaultConfigurationName = Release;
		};
		1F39AFCB1C4A901D003FC185 /* Build configuration list for PBXNativeTarget "CodingNet" */ = {
			isa = XCConfigurationList;
			buildConfigurations = (
				1F39AFCC1C4A901D003FC185 /* Debug */,
				1F39AFCD1C4A901D003FC185 /* Release */,
			);
			defaultConfigurationIsVisible = 0;
			defaultConfigurationName = Release;
		};
		1F39AFCE1C4A901D003FC185 /* Build configuration list for PBXNativeTarget "CodingNetTests" */ = {
			isa = XCConfigurationList;
			buildConfigurations = (
				1F39AFCF1C4A901D003FC185 /* Debug */,
				1F39AFD01C4A901D003FC185 /* Release */,
			);
			defaultConfigurationIsVisible = 0;
			defaultConfigurationName = Release;
		};
		1F39AFD11C4A901D003FC185 /* Build configuration list for PBXNativeTarget "CodingNetUITests" */ = {
			isa = XCConfigurationList;
			buildConfigurations = (
				1F39AFD21C4A901D003FC185 /* Debug */,
				1F39AFD31C4A901D003FC185 /* Release */,
			);
			defaultConfigurationIsVisible = 0;
			defaultConfigurationName = Release;
		};
/* End XCConfigurationList section */
	};
	rootObject = 1F39AF961C4A901D003FC185 /* Project object */;
}
